
Microsoft Visual Studio Solution File, Format Version 12.00
# Visual Studio Version 17
VisualStudioVersion = 17.11.35222.181
MinimumVisualStudioVersion = 10.0.40219.1
Project("{8BC9CEB8-8B4A-11D0-8D11-00A0C91BC942}") = "test", "test.vcxproj", "{5DEC0DAE-9899-4014-B9AA-9C87C5DDD2DB}"
EndProject
Project("{8BC9CEB8-8B4A-11D0-8D11-00A0C91BC942}") = "Test 2", "..\Test 2\Test 2.vcxproj", "{E8F58A6F-D252-415F-94D4-E86B8CB8F1C4}"
EndProject
Global
	GlobalSection(SolutionConfigurationPlatforms) = preSolution
		Debug|x64 = Debug|x64
		Debug|x86 = Debug|x86
		Release|x64 = Release|x64
		Release|x86 = Release|x86
	EndGlobalSection
	GlobalSection(ProjectConfigurationPlatforms) = postSolution
		{5DEC0DAE-9899-4014-B9AA-9C87C5DDD2DB}.Debug|x64.ActiveCfg = Debug|x64
		{5DEC0DAE-9899-4014-B9AA-9C87C5DDD2DB}.Debug|x64.Build.0 = Debug|x64
		{5DEC0DAE-9899-4014-B9AA-9C87C5DDD2DB}.Debug|x86.ActiveCfg = Debug|Win32
		{5DEC0DAE-9899-4014-B9AA-9C87C5DDD2DB}.Debug|x86.Build.0 = Debug|Win32
		{5DEC0DAE-9899-4014-B9AA-9C87C5DDD2DB}.Release|x64.ActiveCfg = Release|x64
		{5DEC0DAE-9899-4014-B9AA-9C87C5DDD2DB}.Release|x64.Build.0 = Release|x64
		{5DEC0DAE-9899-4014-B9AA-9C87C5DDD2DB}.Release|x86.ActiveCfg = Release|Win32
		{5DEC0DAE-9899-4014-B9AA-9C87C5DDD2DB}.Release|x86.Build.0 = Release|Win32
		{E8F58A6F-D252-415F-94D4-E86B8CB8F1C4}.Debug|x64.ActiveCfg = Debug|x64
		{E8F58A6F-D252-415F-94D4-E86B8CB8F1C4}.Debug|x64.Build.0 = Debug|x64
		{E8F58A6F-D252-415F-94D4-E86B8CB8F1C4}.Debug|x86.ActiveCfg = Debug|Win32
		{E8F58A6F-D252-415F-94D4-E86B8CB8F1C4}.Debug|x86.Build.0 = Debug|Win32
		{E8F58A6F-D252-415F-94D4-E86B8CB8F1C4}.Release|x64.ActiveCfg = Release|x64
		{E8F58A6F-D252-415F-94D4-E86B8CB8F1C4}.Release|x64.Build.0 = Release|x64
		{E8F58A6F-D252-415F-94D4-E86B8CB8F1C4}.Release|x86.ActiveCfg = Release|Win32
		{E8F58A6F-D252-415F-94D4-E86B8CB8F1C4}.Release|x86.Build.0 = Release|Win32
	EndGlobalSection
	GlobalSection(SolutionProperties) = preSolution
		HideSolutionNode = FALSE
	EndGlobalSection
	GlobalSection(ExtensibilityGlobals) = postSolution
		SolutionGuid = {EB4C4F66-2D8E-4563-826D-A7EBDF0A0FC2}
	EndGlobalSection
EndGlobal
